
Microsoft Visual Studio Solution File, Format Version 12.00
# Visual Studio 15
VisualStudioVersion = 15.0.26430.6
MinimumVisualStudioVersion = 10.0.40219.1
Project("{FAE04EC0-301F-11D3-BF4B-00C04F79EFBC}") = "Test Text Editor", "Test Text Editor\Test Text Editor.csproj", "{BD3D592D-C71B-4143-9932-A93622CA28A4}"
EndProject
Project("{FAE04EC0-301F-11D3-BF4B-00C04F79EFBC}") = "TextEditor,BL", "TextEditor,BL\TextEditor,BL.csproj", "{0D685A11-A847-42C1-B1D5-0A7B7C33E873}"
EndProject
Global
	GlobalSection(SolutionConfigurationPlatforms) = preSolution
		Debug|Any CPU = Debug|Any CPU
		Release|Any CPU = Release|Any CPU
	EndGlobalSection
	GlobalSection(ProjectConfigurationPlatforms) = postSolution
		{BD3D592D-C71B-4143-9932-A93622CA28A4}.Debug|Any CPU.ActiveCfg = Debug|Any CPU
		{BD3D592D-C71B-4143-9932-A93622CA28A4}.Debug|Any CPU.Build.0 = Debug|Any CPU
		{BD3D592D-C71B-4143-9932-A93622CA28A4}.Release|Any CPU.ActiveCfg = Release|Any CPU
		{BD3D592D-C71B-4143-9932-A93622CA28A4}.Release|Any CPU.Build.0 = Release|Any CPU
		{0D685A11-A847-42C1-B1D5-0A7B7C33E873}.Debug|Any CPU.ActiveCfg = Debug|Any CPU
		{0D685A11-A847-42C1-B1D5-0A7B7C33E873}.Debug|Any CPU.Build.0 = Debug|Any CPU
		{0D685A11-A847-42C1-B1D5-0A7B7C33E873}.Release|Any CPU.ActiveCfg = Release|Any CPU
		{0D685A11-A847-42C1-B1D5-0A7B7C33E873}.Release|Any CPU.Build.0 = Release|Any CPU
	EndGlobalSection
	GlobalSection(SolutionProperties) = preSolution
		HideSolutionNode = FALSE
	EndGlobalSection
EndGlobal
